
Microsoft Visual Studio Solution File, Format Version 12.00
# Visual Studio Version 17
VisualStudioVersion = 17.6.33723.286
MinimumVisualStudioVersion = 10.0.40219.1
Project("{9A19103F-16F7-4668-BE54-9A1E7A4F7556}") = "ImGuiBackend", "ImGuiBackend\ImGuiBackend.csproj", "{0F67EADC-279F-426F-9550-897A4113E688}"
EndProject
Project("{9A19103F-16F7-4668-BE54-9A1E7A4F7556}") = "Application", "Application\Application.csproj", "{A2725016-A3CA-4A04-BA0F-44939BE18545}"
EndProject
Global
	GlobalSection(SolutionConfigurationPlatforms) = preSolution
		Debug|Any CPU = Debug|Any CPU
		Release|Any CPU = Release|Any CPU
	EndGlobalSection
	GlobalSection(ProjectConfigurationPlatforms) = postSolution
		{0F67EADC-279F-426F-9550-897A4113E688}.Debug|Any CPU.ActiveCfg = Debug|Any CPU
		{0F67EADC-279F-426F-9550-897A4113E688}.Debug|Any CPU.Build.0 = Debug|Any CPU
		{0F67EADC-279F-426F-9550-897A4113E688}.Release|Any CPU.ActiveCfg = Release|Any CPU
		{0F67EADC-279F-426F-9550-897A4113E688}.Release|Any CPU.Build.0 = Release|Any CPU
		{A2725016-A3CA-4A04-BA0F-44939BE18545}.Debug|Any CPU.ActiveCfg = Debug|Any CPU
		{A2725016-A3CA-4A04-BA0F-44939BE18545}.Debug|Any CPU.Build.0 = Debug|Any CPU
		{A2725016-A3CA-4A04-BA0F-44939BE18545}.Release|Any CPU.ActiveCfg = Release|Any CPU
		{A2725016-A3CA-4A04-BA0F-44939BE18545}.Release|Any CPU.Build.0 = Release|Any CPU
	EndGlobalSection
	GlobalSection(SolutionProperties) = preSolution
		HideSolutionNode = FALSE
	EndGlobalSection
	GlobalSection(ExtensibilityGlobals) = postSolution
		SolutionGuid = {6E8D1FE9-8B91-49C8-9665-3A5C6EC4CE89}
	EndGlobalSection
EndGlobal
