
Microsoft Visual Studio Solution File, Format Version 12.00
Project("{FAE04EC0-301F-11D3-BF4B-00C04F79EFBC}") = "ConsoleApp1", "ConsoleApp1\ConsoleApp1.csproj", "{01C7CFEB-C6C3-4EC3-80DC-8BD1B02A3559}"
EndProject
Global
	GlobalSection(SolutionConfigurationPlatforms) = preSolution
		Debug|Any CPU = Debug|Any CPU
		Release|Any CPU = Release|Any CPU
	EndGlobalSection
	GlobalSection(ProjectConfigurationPlatforms) = postSolution
		{01C7CFEB-C6C3-4EC3-80DC-8BD1B02A3559}.Debug|Any CPU.ActiveCfg = Debug|Any CPU
		{01C7CFEB-C6C3-4EC3-80DC-8BD1B02A3559}.Debug|Any CPU.Build.0 = Debug|Any CPU
		{01C7CFEB-C6C3-4EC3-80DC-8BD1B02A3559}.Release|Any CPU.ActiveCfg = Release|Any CPU
		{01C7CFEB-C6C3-4EC3-80DC-8BD1B02A3559}.Release|Any CPU.Build.0 = Release|Any CPU
	EndGlobalSection
EndGlobal
